
Microsoft Visual Studio Solution File, Format Version 12.00
# Visual Studio Version 17
VisualStudioVersion = 17.14.36603.0
MinimumVisualStudioVersion = 10.0.40219.1
Project("{FAE04EC0-301F-11D3-BF4B-00C04F79EFBC}") = "ToDo.Backend.API", "ToDo.Backend.API\ToDo.Backend.API.csproj", "{FF2436BE-F835-43AD-89FD-DC391A61D356}"
EndProject
Project("{FAE04EC0-301F-11D3-BF4B-00C04F79EFBC}") = "ToDo.Backend.Data", "ToDo.Backend.Data\ToDo.Backend.Data.csproj", "{63E10C23-C8FF-4120-93DC-EB74EF93C9C1}"
EndProject
Global
	GlobalSection(SolutionConfigurationPlatforms) = preSolution
		Debug|Any CPU = Debug|Any CPU
		Release|Any CPU = Release|Any CPU
	EndGlobalSection
	GlobalSection(ProjectConfigurationPlatforms) = postSolution
		{FF2436BE-F835-43AD-89FD-DC391A61D356}.Debug|Any CPU.ActiveCfg = Debug|Any CPU
		{FF2436BE-F835-43AD-89FD-DC391A61D356}.Debug|Any CPU.Build.0 = Debug|Any CPU
		{FF2436BE-F835-43AD-89FD-DC391A61D356}.Release|Any CPU.ActiveCfg = Release|Any CPU
		{FF2436BE-F835-43AD-89FD-DC391A61D356}.Release|Any CPU.Build.0 = Release|Any CPU
		{63E10C23-C8FF-4120-93DC-EB74EF93C9C1}.Debug|Any CPU.ActiveCfg = Debug|Any CPU
		{63E10C23-C8FF-4120-93DC-EB74EF93C9C1}.Debug|Any CPU.Build.0 = Debug|Any CPU
		{63E10C23-C8FF-4120-93DC-EB74EF93C9C1}.Release|Any CPU.ActiveCfg = Release|Any CPU
		{63E10C23-C8FF-4120-93DC-EB74EF93C9C1}.Release|Any CPU.Build.0 = Release|Any CPU
	EndGlobalSection
	GlobalSection(SolutionProperties) = preSolution
		HideSolutionNode = FALSE
	EndGlobalSection
	GlobalSection(ExtensibilityGlobals) = postSolution
		SolutionGuid = {3B688332-B3BE-49E1-A28E-A56D6C126963}
	EndGlobalSection
EndGlobal
