
Microsoft Visual Studio Solution File, Format Version 12.00
# Visual Studio Version 17
VisualStudioVersion = 17.14.36603.0
MinimumVisualStudioVersion = 10.0.40219.1
Project("{FAE04EC0-301F-11D3-BF4B-00C04F79EFBC}") = "ToDo.Backend.API", "ToDo.Backend.API\ToDo.Backend.API.csproj", "{FF2436BE-F835-43AD-89FD-DC391A61D356}"
EndProject
Project("{FAE04EC0-301F-11D3-BF4B-00C04F79EFBC}") = "ToDo.Backend.Data", "ToDo.Backend.Data\ToDo.Backend.Data.csproj", "{63E10C23-C8FF-4120-93DC-EB74EF93C9C1}"
EndProject
Project("{FAE04EC0-301F-11D3-BF4B-00C04F79EFBC}") = "ToDo.Backend.Tests", "ToDo.Backend.Tests\ToDo.Backend.Tests.csproj", "{B68D81D9-673C-41AF-A057-5B79FC762E4C}"
EndProject
Project("{FAE04EC0-301F-11D3-BF4B-00C04F79EFBC}") = "ToDo.Backend.Domain", "ToDo.Backend.Domain\ToDo.Backend.Domain.csproj", "{4D2FDD9E-9AF3-44AD-81CC-9E788F6F32FF}"
EndProject
Project("{FAE04EC0-301F-11D3-BF4B-00C04F79EFBC}") = "ToDo.Backend.Application", "ToDo.Backend.Application\ToDo.Backend.Application.csproj", "{291352DE-AE2D-4946-84C3-4E744D56812A}"
EndProject
Global
	GlobalSection(SolutionConfigurationPlatforms) = preSolution
		Debug|Any CPU = Debug|Any CPU
		Release|Any CPU = Release|Any CPU
	EndGlobalSection
	GlobalSection(ProjectConfigurationPlatforms) = postSolution
		{FF2436BE-F835-43AD-89FD-DC391A61D356}.Debug|Any CPU.ActiveCfg = Debug|Any CPU
		{FF2436BE-F835-43AD-89FD-DC391A61D356}.Debug|Any CPU.Build.0 = Debug|Any CPU
		{FF2436BE-F835-43AD-89FD-DC391A61D356}.Release|Any CPU.ActiveCfg = Release|Any CPU
		{FF2436BE-F835-43AD-89FD-DC391A61D356}.Release|Any CPU.Build.0 = Release|Any CPU
		{63E10C23-C8FF-4120-93DC-EB74EF93C9C1}.Debug|Any CPU.ActiveCfg = Debug|Any CPU
		{63E10C23-C8FF-4120-93DC-EB74EF93C9C1}.Debug|Any CPU.Build.0 = Debug|Any CPU
		{63E10C23-C8FF-4120-93DC-EB74EF93C9C1}.Release|Any CPU.ActiveCfg = Release|Any CPU
		{63E10C23-C8FF-4120-93DC-EB74EF93C9C1}.Release|Any CPU.Build.0 = Release|Any CPU
		{B68D81D9-673C-41AF-A057-5B79FC762E4C}.Debug|Any CPU.ActiveCfg = Debug|Any CPU
		{B68D81D9-673C-41AF-A057-5B79FC762E4C}.Debug|Any CPU.Build.0 = Debug|Any CPU
		{B68D81D9-673C-41AF-A057-5B79FC762E4C}.Release|Any CPU.ActiveCfg = Release|Any CPU
		{B68D81D9-673C-41AF-A057-5B79FC762E4C}.Release|Any CPU.Build.0 = Release|Any CPU
		{4D2FDD9E-9AF3-44AD-81CC-9E788F6F32FF}.Debug|Any CPU.ActiveCfg = Debug|Any CPU
		{4D2FDD9E-9AF3-44AD-81CC-9E788F6F32FF}.Debug|Any CPU.Build.0 = Debug|Any CPU
		{4D2FDD9E-9AF3-44AD-81CC-9E788F6F32FF}.Release|Any CPU.ActiveCfg = Release|Any CPU
		{4D2FDD9E-9AF3-44AD-81CC-9E788F6F32FF}.Release|Any CPU.Build.0 = Release|Any CPU
		{291352DE-AE2D-4946-84C3-4E744D56812A}.Debug|Any CPU.ActiveCfg = Debug|Any CPU
		{291352DE-AE2D-4946-84C3-4E744D56812A}.Debug|Any CPU.Build.0 = Debug|Any CPU
		{291352DE-AE2D-4946-84C3-4E744D56812A}.Release|Any CPU.ActiveCfg = Release|Any CPU
		{291352DE-AE2D-4946-84C3-4E744D56812A}.Release|Any CPU.Build.0 = Release|Any CPU
	EndGlobalSection
	GlobalSection(SolutionProperties) = preSolution
		HideSolutionNode = FALSE
	EndGlobalSection
	GlobalSection(ExtensibilityGlobals) = postSolution
		SolutionGuid = {3B688332-B3BE-49E1-A28E-A56D6C126963}
	EndGlobalSection
EndGlobal
